// !$*UTF8*$!
{
	archiveVersion = 1;
	classes = {
	};
	objectVersion = 55;
	objects = {

/* Begin PBXBuildFile section */
		4B93CBB6287017D1004BF971 /* AppDelegate.swift in Sources */ = {isa = PBXBuildFile; fileRef = 4B93CBB5287017D1004BF971 /* AppDelegate.swift */; };
		4B93CBB8287017D1004BF971 /* SceneDelegate.swift in Sources */ = {isa = PBXBuildFile; fileRef = 4B93CBB7287017D1004BF971 /* SceneDelegate.swift */; };
		4B93CBBA287017D1004BF971 /* ViewController.swift in Sources */ = {isa = PBXBuildFile; fileRef = 4B93CBB9287017D1004BF971 /* ViewController.swift */; };
		4B93CBBD287017D1004BF971 /* Main.storyboard in Resources */ = {isa = PBXBuildFile; fileRef = 4B93CBBB287017D1004BF971 /* Main.storyboard */; };
		4B93CBBF287017D3004BF971 /* Assets.xcassets in Resources */ = {isa = PBXBuildFile; fileRef = 4B93CBBE287017D3004BF971 /* Assets.xcassets */; };
		4B93CBC2287017D3004BF971 /* LaunchScreen.storyboard in Resources */ = {isa = PBXBuildFile; fileRef = 4B93CBC0287017D3004BF971 /* LaunchScreen.storyboard */; };
		4B93CBCA287017E1004BF971 /* GradientView.swift in Sources */ = {isa = PBXBuildFile; fileRef = 4B93CBC9287017E1004BF971 /* GradientView.swift */; };
		4B93CBCD2870269E004BF971 /* CombineMoya in Frameworks */ = {isa = PBXBuildFile; productRef = 4B93CBCC2870269E004BF971 /* CombineMoya */; };
		4B93CBCF2870269E004BF971 /* Moya in Frameworks */ = {isa = PBXBuildFile; productRef = 4B93CBCE2870269E004BF971 /* Moya */; };
		4B93CBD12870269E004BF971 /* ReactiveMoya in Frameworks */ = {isa = PBXBuildFile; productRef = 4B93CBD02870269E004BF971 /* ReactiveMoya */; };
		4B93CBD32870269E004BF971 /* RxMoya in Frameworks */ = {isa = PBXBuildFile; productRef = 4B93CBD22870269E004BF971 /* RxMoya */; };
		4B93CBD6287026B6004BF971 /* Connectivity in Frameworks */ = {isa = PBXBuildFile; productRef = 4B93CBD5287026B6004BF971 /* Connectivity */; };
		4B93CBD9287026C9004BF971 /* Alertift in Frameworks */ = {isa = PBXBuildFile; productRef = 4B93CBD8287026C9004BF971 /* Alertift */; };
		4B93CBDB28702718004BF971 /* Food.swift in Sources */ = {isa = PBXBuildFile; fileRef = 4B93CBDA28702718004BF971 /* Food.swift */; };
		4B93CBDE287028D8004BF971 /* API.swift in Sources */ = {isa = PBXBuildFile; fileRef = 4B93CBDD287028D8004BF971 /* API.swift */; };
		4B93CBE028702B2B004BF971 /* APIManager.swift in Sources */ = {isa = PBXBuildFile; fileRef = 4B93CBDF28702B2A004BF971 /* APIManager.swift */; };
		4B93CBE328702B57004BF971 /* IHProgressHUD in Frameworks */ = {isa = PBXBuildFile; productRef = 4B93CBE228702B57004BF971 /* IHProgressHUD */; };
/* End PBXBuildFile section */

/* Begin PBXFileReference section */
		4B93CBB2287017D1004BF971 /* CodeTest.app */ = {isa = PBXFileReference; explicitFileType = wrapper.application; includeInIndex = 0; path = CodeTest.app; sourceTree = BUILT_PRODUCTS_DIR; };
		4B93CBB5287017D1004BF971 /* AppDelegate.swift */ = {isa = PBXFileReference; lastKnownFileType = sourcecode.swift; path = AppDelegate.swift; sourceTree = "<group>"; };
		4B93CBB7287017D1004BF971 /* SceneDelegate.swift */ = {isa = PBXFileReference; lastKnownFileType = sourcecode.swift; path = SceneDelegate.swift; sourceTree = "<group>"; };
		4B93CBB9287017D1004BF971 /* ViewController.swift */ = {isa = PBXFileReference; lastKnownFileType = sourcecode.swift; path = ViewController.swift; sourceTree = "<group>"; };
		4B93CBBC287017D1004BF971 /* Base */ = {isa = PBXFileReference; lastKnownFileType = file.storyboard; name = Base; path = Base.lproj/Main.storyboard; sourceTree = "<group>"; };
		4B93CBBE287017D3004BF971 /* Assets.xcassets */ = {isa = PBXFileReference; lastKnownFileType = folder.assetcatalog; path = Assets.xcassets; sourceTree = "<group>"; };
		4B93CBC1287017D3004BF971 /* Base */ = {isa = PBXFileReference; lastKnownFileType = file.storyboard; name = Base; path = Base.lproj/LaunchScreen.storyboard; sourceTree = "<group>"; };
		4B93CBC3287017D3004BF971 /* Info.plist */ = {isa = PBXFileReference; lastKnownFileType = text.plist.xml; path = Info.plist; sourceTree = "<group>"; };
		4B93CBC9287017E1004BF971 /* GradientView.swift */ = {isa = PBXFileReference; fileEncoding = 4; lastKnownFileType = sourcecode.swift; path = GradientView.swift; sourceTree = "<group>"; };
		4B93CBDA28702718004BF971 /* Food.swift */ = {isa = PBXFileReference; lastKnownFileType = sourcecode.swift; path = Food.swift; sourceTree = "<group>"; };
		4B93CBDD287028D8004BF971 /* API.swift */ = {isa = PBXFileReference; fileEncoding = 4; lastKnownFileType = sourcecode.swift; path = API.swift; sourceTree = "<group>"; };
		4B93CBDF28702B2A004BF971 /* APIManager.swift */ = {isa = PBXFileReference; fileEncoding = 4; lastKnownFileType = sourcecode.swift; path = APIManager.swift; sourceTree = "<group>"; };
/* End PBXFileReference section */

/* Begin PBXFrameworksBuildPhase section */
		4B93CBAF287017D1004BF971 /* Frameworks */ = {
			isa = PBXFrameworksBuildPhase;
			buildActionMask = 2147483647;
			files = (
				4B93CBD6287026B6004BF971 /* Connectivity in Frameworks */,
				4B93CBCF2870269E004BF971 /* Moya in Frameworks */,
				4B93CBCD2870269E004BF971 /* CombineMoya in Frameworks */,
				4B93CBD32870269E004BF971 /* RxMoya in Frameworks */,
				4B93CBD12870269E004BF971 /* ReactiveMoya in Frameworks */,
				4B93CBE328702B57004BF971 /* IHProgressHUD in Frameworks */,
				4B93CBD9287026C9004BF971 /* Alertift in Frameworks */,
			);
			runOnlyForDeploymentPostprocessing = 0;
		};
/* End PBXFrameworksBuildPhase section */

/* Begin PBXGroup section */
		4B93CBA9287017D0004BF971 = {
			isa = PBXGroup;
			children = (
				4B93CBB4287017D1004BF971 /* CodeTest */,
				4B93CBB3287017D1004BF971 /* Products */,
			);
			sourceTree = "<group>";
		};
		4B93CBB3287017D1004BF971 /* Products */ = {
			isa = PBXGroup;
			children = (
				4B93CBB2287017D1004BF971 /* CodeTest.app */,
			);
			name = Products;
			sourceTree = "<group>";
		};
		4B93CBB4287017D1004BF971 /* CodeTest */ = {
			isa = PBXGroup;
			children = (
				4B93CBB5287017D1004BF971 /* AppDelegate.swift */,
				4B93CBB7287017D1004BF971 /* SceneDelegate.swift */,
				4B93CBB9287017D1004BF971 /* ViewController.swift */,
				4B93CBC9287017E1004BF971 /* GradientView.swift */,
				4B93CBE42870C754004BF971 /* API */,
				4B93CBDC28702745004BF971 /* Model */,
				4B93CBBB287017D1004BF971 /* Main.storyboard */,
				4B93CBBE287017D3004BF971 /* Assets.xcassets */,
				4B93CBC0287017D3004BF971 /* LaunchScreen.storyboard */,
				4B93CBC3287017D3004BF971 /* Info.plist */,
			);
			path = CodeTest;
			sourceTree = "<group>";
		};
		4B93CBDC28702745004BF971 /* Model */ = {
			isa = PBXGroup;
			children = (
				4B93CBDA28702718004BF971 /* Food.swift */,
			);
			path = Model;
			sourceTree = "<group>";
		};
		4B93CBE42870C754004BF971 /* API */ = {
			isa = PBXGroup;
			children = (
				4B93CBDD287028D8004BF971 /* API.swift */,
				4B93CBDF28702B2A004BF971 /* APIManager.swift */,
			);
			path = API;
			sourceTree = "<group>";
		};
/* End PBXGroup section */

/* Begin PBXNativeTarget section */
		4B93CBB1287017D1004BF971 /* CodeTest */ = {
			isa = PBXNativeTarget;
			buildConfigurationList = 4B93CBC6287017D3004BF971 /* Build configuration list for PBXNativeTarget "CodeTest" */;
			buildPhases = (
				4B93CBAE287017D1004BF971 /* Sources */,
				4B93CBAF287017D1004BF971 /* Frameworks */,
				4B93CBB0287017D1004BF971 /* Resources */,
			);
			buildRules = (
			);
			dependencies = (
			);
			name = CodeTest;
			packageProductDependencies = (
				4B93CBCC2870269E004BF971 /* CombineMoya */,
				4B93CBCE2870269E004BF971 /* Moya */,
				4B93CBD02870269E004BF971 /* ReactiveMoya */,
				4B93CBD22870269E004BF971 /* RxMoya */,
				4B93CBD5287026B6004BF971 /* Connectivity */,
				4B93CBD8287026C9004BF971 /* Alertift */,
				4B93CBE228702B57004BF971 /* IHProgressHUD */,
			);
			productName = CodeTest;
			productReference = 4B93CBB2287017D1004BF971 /* CodeTest.app */;
			productType = "com.apple.product-type.application";
		};
/* End PBXNativeTarget section */

/* Begin PBXProject section */
		4B93CBAA287017D0004BF971 /* Project object */ = {
			isa = PBXProject;
			attributes = {
				BuildIndependentTargetsInParallel = 1;
				LastSwiftUpdateCheck = 1340;
				LastUpgradeCheck = 1340;
				TargetAttributes = {
					4B93CBB1287017D1004BF971 = {
						CreatedOnToolsVersion = 13.4.1;
					};
				};
			};
			buildConfigurationList = 4B93CBAD287017D0004BF971 /* Build configuration list for PBXProject "CodeTest" */;
			compatibilityVersion = "Xcode 13.0";
			developmentRegion = en;
			hasScannedForEncodings = 0;
			knownRegions = (
				en,
				Base,
			);
			mainGroup = 4B93CBA9287017D0004BF971;
			packageReferences = (
				4B93CBCB2870269E004BF971 /* XCRemoteSwiftPackageReference "Moya" */,
				4B93CBD4287026B6004BF971 /* XCRemoteSwiftPackageReference "Connectivity" */,
				4B93CBD7287026C9004BF971 /* XCRemoteSwiftPackageReference "Alertift" */,
				4B93CBE128702B57004BF971 /* XCRemoteSwiftPackageReference "IHProgressHUD" */,
			);
			productRefGroup = 4B93CBB3287017D1004BF971 /* Products */;
			projectDirPath = "";
			projectRoot = "";
			targets = (
				4B93CBB1287017D1004BF971 /* CodeTest */,
			);
		};
/* End PBXProject section */

/* Begin PBXResourcesBuildPhase section */
		4B93CBB0287017D1004BF971 /* Resources */ = {
			isa = PBXResourcesBuildPhase;
			buildActionMask = 2147483647;
			files = (
				4B93CBC2287017D3004BF971 /* LaunchScreen.storyboard in Resources */,
				4B93CBBF287017D3004BF971 /* Assets.xcassets in Resources */,
				4B93CBBD287017D1004BF971 /* Main.storyboard in Resources */,
			);
			runOnlyForDeploymentPostprocessing = 0;
		};
/* End PBXResourcesBuildPhase section */

/* Begin PBXSourcesBuildPhase section */
		4B93CBAE287017D1004BF971 /* Sources */ = {
			isa = PBXSourcesBuildPhase;
			buildActionMask = 2147483647;
			files = (
				4B93CBBA287017D1004BF971 /* ViewController.swift in Sources */,
				4B93CBB6287017D1004BF971 /* AppDelegate.swift in Sources */,
				4B93CBDB28702718004BF971 /* Food.swift in Sources */,
				4B93CBCA287017E1004BF971 /* GradientView.swift in Sources */,
				4B93CBDE287028D8004BF971 /* API.swift in Sources */,
				4B93CBB8287017D1004BF971 /* SceneDelegate.swift in Sources */,
				4B93CBE028702B2B004BF971 /* APIManager.swift in Sources */,
			);
			runOnlyForDeploymentPostprocessing = 0;
		};
/* End PBXSourcesBuildPhase section */

/* Begin PBXVariantGroup section */
		4B93CBBB287017D1004BF971 /* Main.storyboard */ = {
			isa = PBXVariantGroup;
			children = (
				4B93CBBC287017D1004BF971 /* Base */,
			);
			name = Main.storyboard;
			sourceTree = "<group>";
		};
		4B93CBC0287017D3004BF971 /* LaunchScreen.storyboard */ = {
			isa = PBXVariantGroup;
			children = (
				4B93CBC1287017D3004BF971 /* Base */,
			);
			name = LaunchScreen.storyboard;
			sourceTree = "<group>";
		};
/* End PBXVariantGroup section */

/* Begin XCBuildConfiguration section */
		4B93CBC4287017D3004BF971 /* Debug */ = {
			isa = XCBuildConfiguration;
			buildSettings = {
				ALWAYS_SEARCH_USER_PATHS = NO;
				CLANG_ANALYZER_NONNULL = YES;
				CLANG_ANALYZER_NUMBER_OBJECT_CONVERSION = YES_AGGRESSIVE;
				CLANG_CXX_LANGUAGE_STANDARD = "gnu++17";
				CLANG_ENABLE_MODULES = YES;
				CLANG_ENABLE_OBJC_ARC = YES;
				CLANG_ENABLE_OBJC_WEAK = YES;
				CLANG_WARN_BLOCK_CAPTURE_AUTORELEASING = YES;
				CLANG_WARN_BOOL_CONVERSION = YES;
				CLANG_WARN_COMMA = YES;
				CLANG_WARN_CONSTANT_CONVERSION = YES;
				CLANG_WARN_DEPRECATED_OBJC_IMPLEMENTATIONS = YES;
				CLANG_WARN_DIRECT_OBJC_ISA_USAGE = YES_ERROR;
				CLANG_WARN_DOCUMENTATION_COMMENTS = YES;
				CLANG_WARN_EMPTY_BODY = YES;
				CLANG_WARN_ENUM_CONVERSION = YES;
				CLANG_WARN_INFINITE_RECURSION = YES;
				CLANG_WARN_INT_CONVERSION = YES;
				CLANG_WARN_NON_LITERAL_NULL_CONVERSION = YES;
				CLANG_WARN_OBJC_IMPLICIT_RETAIN_SELF = YES;
				CLANG_WARN_OBJC_LITERAL_CONVERSION = YES;
				CLANG_WARN_OBJC_ROOT_CLASS = YES_ERROR;
				CLANG_WARN_QUOTED_INCLUDE_IN_FRAMEWORK_HEADER = YES;
				CLANG_WARN_RANGE_LOOP_ANALYSIS = YES;
				CLANG_WARN_STRICT_PROTOTYPES = YES;
				CLANG_WARN_SUSPICIOUS_MOVE = YES;
				CLANG_WARN_UNGUARDED_AVAILABILITY = YES_AGGRESSIVE;
				CLANG_WARN_UNREACHABLE_CODE = YES;
				CLANG_WARN__DUPLICATE_METHOD_MATCH = YES;
				COPY_PHASE_STRIP = NO;
				DEBUG_INFORMATION_FORMAT = dwarf;
				ENABLE_STRICT_OBJC_MSGSEND = YES;
				ENABLE_TESTABILITY = YES;
				GCC_C_LANGUAGE_STANDARD = gnu11;
				GCC_DYNAMIC_NO_PIC = NO;
				GCC_NO_COMMON_BLOCKS = YES;
				GCC_OPTIMIZATION_LEVEL = 0;
				GCC_PREPROCESSOR_DEFINITIONS = (
					"DEBUG=1",
					"$(inherited)",
				);
				GCC_WARN_64_TO_32_BIT_CONVERSION = YES;
				GCC_WARN_ABOUT_RETURN_TYPE = YES_ERROR;
				GCC_WARN_UNDECLARED_SELECTOR = YES;
				GCC_WARN_UNINITIALIZED_AUTOS = YES_AGGRESSIVE;
				GCC_WARN_UNUSED_FUNCTION = YES;
				GCC_WARN_UNUSED_VARIABLE = YES;
				IPHONEOS_DEPLOYMENT_TARGET = 15.5;
				MTL_ENABLE_DEBUG_INFO = INCLUDE_SOURCE;
				MTL_FAST_MATH = YES;
				ONLY_ACTIVE_ARCH = YES;
				SDKROOT = iphoneos;
				SWIFT_ACTIVE_COMPILATION_CONDITIONS = DEBUG;
				SWIFT_OPTIMIZATION_LEVEL = "-Onone";
			};
			name = Debug;
		};
		4B93CBC5287017D3004BF971 /* Release */ = {
			isa = XCBuildConfiguration;
			buildSettings = {
				ALWAYS_SEARCH_USER_PATHS = NO;
				CLANG_ANALYZER_NONNULL = YES;
				CLANG_ANALYZER_NUMBER_OBJECT_CONVERSION = YES_AGGRESSIVE;
				CLANG_CXX_LANGUAGE_STANDARD = "gnu++17";
				CLANG_ENABLE_MODULES = YES;
				CLANG_ENABLE_OBJC_ARC = YES;
				CLANG_ENABLE_OBJC_WEAK = YES;
				CLANG_WARN_BLOCK_CAPTURE_AUTORELEASING = YES;
				CLANG_WARN_BOOL_CONVERSION = YES;
				CLANG_WARN_COMMA = YES;
				CLANG_WARN_CONSTANT_CONVERSION = YES;
				CLANG_WARN_DEPRECATED_OBJC_IMPLEMENTATIONS = YES;
				CLANG_WARN_DIRECT_OBJC_ISA_USAGE = YES_ERROR;
				CLANG_WARN_DOCUMENTATION_COMMENTS = YES;
				CLANG_WARN_EMPTY_BODY = YES;
				CLANG_WARN_ENUM_CONVERSION = YES;
				CLANG_WARN_INFINITE_RECURSION = YES;
				CLANG_WARN_INT_CONVERSION = YES;
				CLANG_WARN_NON_LITERAL_NULL_CONVERSION = YES;
				CLANG_WARN_OBJC_IMPLICIT_RETAIN_SELF = YES;
				CLANG_WARN_OBJC_LITERAL_CONVERSION = YES;
				CLANG_WARN_OBJC_ROOT_CLASS = YES_ERROR;
				CLANG_WARN_QUOTED_INCLUDE_IN_FRAMEWORK_HEADER = YES;
				CLANG_WARN_RANGE_LOOP_ANALYSIS = YES;
				CLANG_WARN_STRICT_PROTOTYPES = YES;
				CLANG_WARN_SUSPICIOUS_MOVE = YES;
				CLANG_WARN_UNGUARDED_AVAILABILITY = YES_AGGRESSIVE;
				CLANG_WARN_UNREACHABLE_CODE = YES;
				CLANG_WARN__DUPLICATE_METHOD_MATCH = YES;
				COPY_PHASE_STRIP = NO;
				DEBUG_INFORMATION_FORMAT = "dwarf-with-dsym";
				ENABLE_NS_ASSERTIONS = NO;
				ENABLE_STRICT_OBJC_MSGSEND = YES;
				GCC_C_LANGUAGE_STANDARD = gnu11;
				GCC_NO_COMMON_BLOCKS = YES;
				GCC_WARN_64_TO_32_BIT_CONVERSION = YES;
				GCC_WARN_ABOUT_RETURN_TYPE = YES_ERROR;
				GCC_WARN_UNDECLARED_SELECTOR = YES;
				GCC_WARN_UNINITIALIZED_AUTOS = YES_AGGRESSIVE;
				GCC_WARN_UNUSED_FUNCTION = YES;
				GCC_WARN_UNUSED_VARIABLE = YES;
				IPHONEOS_DEPLOYMENT_TARGET = 15.5;
				MTL_ENABLE_DEBUG_INFO = NO;
				MTL_FAST_MATH = YES;
				SDKROOT = iphoneos;
				SWIFT_COMPILATION_MODE = wholemodule;
				SWIFT_OPTIMIZATION_LEVEL = "-O";
				VALIDATE_PRODUCT = YES;
			};
			name = Release;
		};
		4B93CBC7287017D3004BF971 /* Debug */ = {
			isa = XCBuildConfiguration;
			buildSettings = {
				ASSETCATALOG_COMPILER_APPICON_NAME = AppIcon;
				ASSETCATALOG_COMPILER_GLOBAL_ACCENT_COLOR_NAME = AccentColor;
				CODE_SIGN_STYLE = Automatic;
				CURRENT_PROJECT_VERSION = 1;
				DEVELOPMENT_TEAM = DKTWAPH43B;
				GENERATE_INFOPLIST_FILE = YES;
				INFOPLIST_FILE = CodeTest/Info.plist;
				INFOPLIST_KEY_UIApplicationSupportsIndirectInputEvents = YES;
				INFOPLIST_KEY_UILaunchStoryboardName = LaunchScreen;
				INFOPLIST_KEY_UIMainStoryboardFile = Main;
				INFOPLIST_KEY_UISupportedInterfaceOrientations_iPad = "UIInterfaceOrientationPortrait UIInterfaceOrientationPortraitUpsideDown UIInterfaceOrientationLandscapeLeft UIInterfaceOrientationLandscapeRight";
				INFOPLIST_KEY_UISupportedInterfaceOrientations_iPhone = "UIInterfaceOrientationPortrait UIInterfaceOrientationLandscapeLeft UIInterfaceOrientationLandscapeRight";
				LD_RUNPATH_SEARCH_PATHS = (
					"$(inherited)",
					"@executable_path/Frameworks",
				);
				MARKETING_VERSION = 1.0;
				PRODUCT_BUNDLE_IDENTIFIER = com.serv.codeTest.CodeTest;
				PRODUCT_NAME = "$(TARGET_NAME)";
				SWIFT_EMIT_LOC_STRINGS = YES;
				SWIFT_VERSION = 5.0;
				TARGETED_DEVICE_FAMILY = "1,2";
			};
			name = Debug;
		};
		4B93CBC8287017D3004BF971 /* Release */ = {
			isa = XCBuildConfiguration;
			buildSettings = {
				ASSETCATALOG_COMPILER_APPICON_NAME = AppIcon;
				ASSETCATALOG_COMPILER_GLOBAL_ACCENT_COLOR_NAME = AccentColor;
				CODE_SIGN_STYLE = Automatic;
				CURRENT_PROJECT_VERSION = 1;
				DEVELOPMENT_TEAM = DKTWAPH43B;
				GENERATE_INFOPLIST_FILE = YES;
				INFOPLIST_FILE = CodeTest/Info.plist;
				INFOPLIST_KEY_UIApplicationSupportsIndirectInputEvents = YES;
				INFOPLIST_KEY_UILaunchStoryboardName = LaunchScreen;
				INFOPLIST_KEY_UIMainStoryboardFile = Main;
				INFOPLIST_KEY_UISupportedInterfaceOrientations_iPad = "UIInterfaceOrientationPortrait UIInterfaceOrientationPortraitUpsideDown UIInterfaceOrientationLandscapeLeft UIInterfaceOrientationLandscapeRight";
				INFOPLIST_KEY_UISupportedInterfaceOrientations_iPhone = "UIInterfaceOrientationPortrait UIInterfaceOrientationLandscapeLeft UIInterfaceOrientationLandscapeRight";
				LD_RUNPATH_SEARCH_PATHS = (
					"$(inherited)",
					"@executable_path/Frameworks",
				);
				MARKETING_VERSION = 1.0;
				PRODUCT_BUNDLE_IDENTIFIER = com.serv.codeTest.CodeTest;
				PRODUCT_NAME = "$(TARGET_NAME)";
				SWIFT_EMIT_LOC_STRINGS = YES;
				SWIFT_VERSION = 5.0;
				TARGETED_DEVICE_FAMILY = "1,2";
			};
			name = Release;
		};
/* End XCBuildConfiguration section */

/* Begin XCConfigurationList section */
		4B93CBAD287017D0004BF971 /* Build configuration list for PBXProject "CodeTest" */ = {
			isa = XCConfigurationList;
			buildConfigurations = (
				4B93CBC4287017D3004BF971 /* Debug */,
				4B93CBC5287017D3004BF971 /* Release */,
			);
			defaultConfigurationIsVisible = 0;
			defaultConfigurationName = Release;
		};
		4B93CBC6287017D3004BF971 /* Build configuration list for PBXNativeTarget "CodeTest" */ = {
			isa = XCConfigurationList;
			buildConfigurations = (
				4B93CBC7287017D3004BF971 /* Debug */,
				4B93CBC8287017D3004BF971 /* Release */,
			);
			defaultConfigurationIsVisible = 0;
			defaultConfigurationName = Release;
		};
/* End XCConfigurationList section */

/* Begin XCRemoteSwiftPackageReference section */
		4B93CBCB2870269E004BF971 /* XCRemoteSwiftPackageReference "Moya" */ = {
			isa = XCRemoteSwiftPackageReference;
			repositoryURL = "https://github.com/Moya/Moya.git";
			requirement = {
				branch = master;
				kind = branch;
			};
		};
		4B93CBD4287026B6004BF971 /* XCRemoteSwiftPackageReference "Connectivity" */ = {
			isa = XCRemoteSwiftPackageReference;
			repositoryURL = "https://github.com/rwbutler/Connectivity";
			requirement = {
				branch = master;
				kind = branch;
			};
		};
		4B93CBD7287026C9004BF971 /* XCRemoteSwiftPackageReference "Alertift" */ = {
			isa = XCRemoteSwiftPackageReference;
			repositoryURL = "https://github.com/sgr-ksmt/Alertift";
			requirement = {
				branch = develop;
				kind = branch;
			};
		};
		4B93CBE128702B57004BF971 /* XCRemoteSwiftPackageReference "IHProgressHUD" */ = {
			isa = XCRemoteSwiftPackageReference;
			repositoryURL = "https://github.com/Swiftify-Corp/IHProgressHUD";
			requirement = {
				kind = upToNextMajorVersion;
				minimumVersion = 0.1.8;
			};
		};
/* End XCRemoteSwiftPackageReference section */

/* Begin XCSwiftPackageProductDependency section */
		4B93CBCC2870269E004BF971 /* CombineMoya */ = {
			isa = XCSwiftPackageProductDependency;
			package = 4B93CBCB2870269E004BF971 /* XCRemoteSwiftPackageReference "Moya" */;
			productName = CombineMoya;
		};
		4B93CBCE2870269E004BF971 /* Moya */ = {
			isa = XCSwiftPackageProductDependency;
			package = 4B93CBCB2870269E004BF971 /* XCRemoteSwiftPackageReference "Moya" */;
			productName = Moya;
		};
		4B93CBD02870269E004BF971 /* ReactiveMoya */ = {
			isa = XCSwiftPackageProductDependency;
			package = 4B93CBCB2870269E004BF971 /* XCRemoteSwiftPackageReference "Moya" */;
			productName = ReactiveMoya;
		};
		4B93CBD22870269E004BF971 /* RxMoya */ = {
			isa = XCSwiftPackageProductDependency;
			package = 4B93CBCB2870269E004BF971 /* XCRemoteSwiftPackageReference "Moya" */;
			productName = RxMoya;
		};
		4B93CBD5287026B6004BF971 /* Connectivity */ = {
			isa = XCSwiftPackageProductDependency;
			package = 4B93CBD4287026B6004BF971 /* XCRemoteSwiftPackageReference "Connectivity" */;
			productName = Connectivity;
		};
		4B93CBD8287026C9004BF971 /* Alertift */ = {
			isa = XCSwiftPackageProductDependency;
			package = 4B93CBD7287026C9004BF971 /* XCRemoteSwiftPackageReference "Alertift" */;
			productName = Alertift;
		};
		4B93CBE228702B57004BF971 /* IHProgressHUD */ = {
			isa = XCSwiftPackageProductDependency;
			package = 4B93CBE128702B57004BF971 /* XCRemoteSwiftPackageReference "IHProgressHUD" */;
			productName = IHProgressHUD;
		};
/* End XCSwiftPackageProductDependency section */
	};
	rootObject = 4B93CBAA287017D0004BF971 /* Project object */;
}
